// !$*UTF8*$!
{
	archiveVersion = 1;
	classes = {
	};
	objectVersion = 77;
	objects = {

/* Begin PBXContainerItemProxy section */
		6F1C94202CED4FE60067870A /* PBXContainerItemProxy */ = {
			isa = PBXContainerItemProxy;
			containerPortal = 6F1C94072CED4FE20067870A /* Project object */;
			proxyType = 1;
			remoteGlobalIDString = 6F1C940E2CED4FE20067870A;
			remoteInfo = AssignmentSwiftUI;
		};
		6F1C942A2CED4FE60067870A /* PBXContainerItemProxy */ = {
			isa = PBXContainerItemProxy;
			containerPortal = 6F1C94072CED4FE20067870A /* Project object */;
			proxyType = 1;
			remoteGlobalIDString = 6F1C940E2CED4FE20067870A;
			remoteInfo = AssignmentSwiftUI;
		};
/* End PBXContainerItemProxy section */

/* Begin PBXFileReference section */
		6F1C940F2CED4FE20067870A /* AssignmentSwiftUI.app */ = {isa = PBXFileReference; explicitFileType = wrapper.application; includeInIndex = 0; path = AssignmentSwiftUI.app; sourceTree = BUILT_PRODUCTS_DIR; };
		6F1C941F2CED4FE60067870A /* AssignmentSwiftUITests.xctest */ = {isa = PBXFileReference; explicitFileType = wrapper.cfbundle; includeInIndex = 0; path = AssignmentSwiftUITests.xctest; sourceTree = BUILT_PRODUCTS_DIR; };
		6F1C94292CED4FE60067870A /* AssignmentSwiftUIUITests.xctest */ = {isa = PBXFileReference; explicitFileType = wrapper.cfbundle; includeInIndex = 0; path = AssignmentSwiftUIUITests.xctest; sourceTree = BUILT_PRODUCTS_DIR; };
/* End PBXFileReference section */

/* Begin PBXFileSystemSynchronizedRootGroup section */
		6F1C94112CED4FE20067870A /* AssignmentSwiftUI */ = {
			isa = PBXFileSystemSynchronizedRootGroup;
			path = AssignmentSwiftUI;
			sourceTree = "<group>";
		};
		6F1C94222CED4FE60067870A /* AssignmentSwiftUITests */ = {
			isa = PBXFileSystemSynchronizedRootGroup;
			path = AssignmentSwiftUITests;
			sourceTree = "<group>";
		};
		6F1C942C2CED4FE60067870A /* AssignmentSwiftUIUITests */ = {
			isa = PBXFileSystemSynchronizedRootGroup;
			path = AssignmentSwiftUIUITests;
			sourceTree = "<group>";
		};
/* End PBXFileSystemSynchronizedRootGroup section */

/* Begin PBXFrameworksBuildPhase section */
		6F1C940C2CED4FE20067870A /* Frameworks */ = {
			isa = PBXFrameworksBuildPhase;
			buildActionMask = 2147483647;
			files = (
			);
			runOnlyForDeploymentPostprocessing = 0;
		};
		6F1C941C2CED4FE60067870A /* Frameworks */ = {
			isa = PBXFrameworksBuildPhase;
			buildActionMask = 2147483647;
			files = (
			);
			runOnlyForDeploymentPostprocessing = 0;
		};
		6F1C94262CED4FE60067870A /* Frameworks */ = {
			isa = PBXFrameworksBuildPhase;
			buildActionMask = 2147483647;
			files = (
			);
			runOnlyForDeploymentPostprocessing = 0;
		};
/* End PBXFrameworksBuildPhase section */

/* Begin PBXGroup section */
		6F1C94062CED4FE20067870A = {
			isa = PBXGroup;
			children = (
				6F1C94112CED4FE20067870A /* AssignmentSwiftUI */,
				6F1C94222CED4FE60067870A /* AssignmentSwiftUITests */,
				6F1C942C2CED4FE60067870A /* AssignmentSwiftUIUITests */,
				6F1C94102CED4FE20067870A /* Products */,
			);
			sourceTree = "<group>";
		};
		6F1C94102CED4FE20067870A /* Products */ = {
			isa = PBXGroup;
			children = (
				6F1C940F2CED4FE20067870A /* AssignmentSwiftUI.app */,
				6F1C941F2CED4FE60067870A /* AssignmentSwiftUITests.xctest */,
				6F1C94292CED4FE60067870A /* AssignmentSwiftUIUITests.xctest */,
			);
			name = Products;
			sourceTree = "<group>";
		};
/* End PBXGroup section */

/* Begin PBXNativeTarget section */
		6F1C940E2CED4FE20067870A /* AssignmentSwiftUI */ = {
			isa = PBXNativeTarget;
			buildConfigurationList = 6F1C94332CED4FE60067870A /* Build configuration list for PBXNativeTarget "AssignmentSwiftUI" */;
			buildPhases = (
				6F1C940B2CED4FE20067870A /* Sources */,
				6F1C940C2CED4FE20067870A /* Frameworks */,
				6F1C940D2CED4FE20067870A /* Resources */,
			);
			buildRules = (
			);
			dependencies = (
			);
			fileSystemSynchronizedGroups = (
				6F1C94112CED4FE20067870A /* AssignmentSwiftUI */,
			);
			name = AssignmentSwiftUI;
			packageProductDependencies = (
			);
			productName = AssignmentSwiftUI;
			productReference = 6F1C940F2CED4FE20067870A /* AssignmentSwiftUI.app */;
			productType = "com.apple.product-type.application";
		};
		6F1C941E2CED4FE60067870A /* AssignmentSwiftUITests */ = {
			isa = PBXNativeTarget;
			buildConfigurationList = 6F1C94362CED4FE60067870A /* Build configuration list for PBXNativeTarget "AssignmentSwiftUITests" */;
			buildPhases = (
				6F1C941B2CED4FE60067870A /* Sources */,
				6F1C941C2CED4FE60067870A /* Frameworks */,
				6F1C941D2CED4FE60067870A /* Resources */,
			);
			buildRules = (
			);
			dependencies = (
				6F1C94212CED4FE60067870A /* PBXTargetDependency */,
			);
			fileSystemSynchronizedGroups = (
				6F1C94222CED4FE60067870A /* AssignmentSwiftUITests */,
			);
			name = AssignmentSwiftUITests;
			packageProductDependencies = (
			);
			productName = AssignmentSwiftUITests;
			productReference = 6F1C941F2CED4FE60067870A /* AssignmentSwiftUITests.xctest */;
			productType = "com.apple.product-type.bundle.unit-test";
		};
		6F1C94282CED4FE60067870A /* AssignmentSwiftUIUITests */ = {
			isa = PBXNativeTarget;
			buildConfigurationList = 6F1C94392CED4FE60067870A /* Build configuration list for PBXNativeTarget "AssignmentSwiftUIUITests" */;
			buildPhases = (
				6F1C94252CED4FE60067870A /* Sources */,
				6F1C94262CED4FE60067870A /* Frameworks */,
				6F1C94272CED4FE60067870A /* Resources */,
			);
			buildRules = (
			);
			dependencies = (
				6F1C942B2CED4FE60067870A /* PBXTargetDependency */,
			);
			fileSystemSynchronizedGroups = (
				6F1C942C2CED4FE60067870A /* AssignmentSwiftUIUITests */,
			);
			name = AssignmentSwiftUIUITests;
			packageProductDependencies = (
			);
			productName = AssignmentSwiftUIUITests;
			productReference = 6F1C94292CED4FE60067870A /* AssignmentSwiftUIUITests.xctest */;
			productType = "com.apple.product-type.bundle.ui-testing";
		};
/* End PBXNativeTarget section */

/* Begin PBXProject section */
		6F1C94072CED4FE20067870A /* Project object */ = {
			isa = PBXProject;
			attributes = {
				BuildIndependentTargetsInParallel = 1;
				LastSwiftUpdateCheck = 1610;
				LastUpgradeCheck = 1610;
				TargetAttributes = {
					6F1C940E2CED4FE20067870A = {
						CreatedOnToolsVersion = 16.1;
					};
					6F1C941E2CED4FE60067870A = {
						CreatedOnToolsVersion = 16.1;
						TestTargetID = 6F1C940E2CED4FE20067870A;
					};
					6F1C94282CED4FE60067870A = {
						CreatedOnToolsVersion = 16.1;
						TestTargetID = 6F1C940E2CED4FE20067870A;
					};
				};
			};
			buildConfigurationList = 6F1C940A2CED4FE20067870A /* Build configuration list for PBXProject "AssignmentSwiftUI" */;
			developmentRegion = en;
			hasScannedForEncodings = 0;
			knownRegions = (
				en,
				Base,
			);
			mainGroup = 6F1C94062CED4FE20067870A;
			minimizedProjectReferenceProxies = 1;
			preferredProjectObjectVersion = 77;
			productRefGroup = 6F1C94102CED4FE20067870A /* Products */;
			projectDirPath = "";
			projectRoot = "";
			targets = (
				6F1C940E2CED4FE20067870A /* AssignmentSwiftUI */,
				6F1C941E2CED4FE60067870A /* AssignmentSwiftUITests */,
				6F1C94282CED4FE60067870A /* AssignmentSwiftUIUITests */,
			);
		};
/* End PBXProject section */

/* Begin PBXResourcesBuildPhase section */
		6F1C940D2CED4FE20067870A /* Resources */ = {
			isa = PBXResourcesBuildPhase;
			buildActionMask = 2147483647;
			files = (
			);
			runOnlyForDeploymentPostprocessing = 0;
		};
		6F1C941D2CED4FE60067870A /* Resources */ = {
			isa = PBXResourcesBuildPhase;
			buildActionMask = 2147483647;
			files = (
			);
			runOnlyForDeploymentPostprocessing = 0;
		};
		6F1C94272CED4FE60067870A /* Resources */ = {
			isa = PBXResourcesBuildPhase;
			buildActionMask = 2147483647;
			files = (
			);
			runOnlyForDeploymentPostprocessing = 0;
		};
/* End PBXResourcesBuildPhase section */

/* Begin PBXSourcesBuildPhase section */
		6F1C940B2CED4FE20067870A /* Sources */ = {
			isa = PBXSourcesBuildPhase;
			buildActionMask = 2147483647;
			files = (
			);
			runOnlyForDeploymentPostprocessing = 0;
		};
		6F1C941B2CED4FE60067870A /* Sources */ = {
			isa = PBXSourcesBuildPhase;
			buildActionMask = 2147483647;
			files = (
			);
			runOnlyForDeploymentPostprocessing = 0;
		};
		6F1C94252CED4FE60067870A /* Sources */ = {
			isa = PBXSourcesBuildPhase;
			buildActionMask = 2147483647;
			files = (
			);
			runOnlyForDeploymentPostprocessing = 0;
		};
/* End PBXSourcesBuildPhase section */

/* Begin PBXTargetDependency section */
		6F1C94212CED4FE60067870A /* PBXTargetDependency */ = {
			isa = PBXTargetDependency;
			target = 6F1C940E2CED4FE20067870A /* AssignmentSwiftUI */;
			targetProxy = 6F1C94202CED4FE60067870A /* PBXContainerItemProxy */;
		};
		6F1C942B2CED4FE60067870A /* PBXTargetDependency */ = {
			isa = PBXTargetDependency;
			target = 6F1C940E2CED4FE20067870A /* AssignmentSwiftUI */;
			targetProxy = 6F1C942A2CED4FE60067870A /* PBXContainerItemProxy */;
		};
/* End PBXTargetDependency section */

/* Begin XCBuildConfiguration section */
		6F1C94312CED4FE60067870A /* Debug */ = {
			isa = XCBuildConfiguration;
			buildSettings = {
				ALWAYS_SEARCH_USER_PATHS = NO;
				ASSETCATALOG_COMPILER_GENERATE_SWIFT_ASSET_SYMBOL_EXTENSIONS = YES;
				CLANG_ANALYZER_NONNULL = YES;
				CLANG_ANALYZER_NUMBER_OBJECT_CONVERSION = YES_AGGRESSIVE;
				CLANG_CXX_LANGUAGE_STANDARD = "gnu++20";
				CLANG_ENABLE_MODULES = YES;
				CLANG_ENABLE_OBJC_ARC = YES;
				CLANG_ENABLE_OBJC_WEAK = YES;
				CLANG_WARN_BLOCK_CAPTURE_AUTORELEASING = YES;
				CLANG_WARN_BOOL_CONVERSION = YES;
				CLANG_WARN_COMMA = YES;
				CLANG_WARN_CONSTANT_CONVERSION = YES;
				CLANG_WARN_DEPRECATED_OBJC_IMPLEMENTATIONS = YES;
				CLANG_WARN_DIRECT_OBJC_ISA_USAGE = YES_ERROR;
				CLANG_WARN_DOCUMENTATION_COMMENTS = YES;
				CLANG_WARN_EMPTY_BODY = YES;
				CLANG_WARN_ENUM_CONVERSION = YES;
				CLANG_WARN_INFINITE_RECURSION = YES;
				CLANG_WARN_INT_CONVERSION = YES;
				CLANG_WARN_NON_LITERAL_NULL_CONVERSION = YES;
				CLANG_WARN_OBJC_IMPLICIT_RETAIN_SELF = YES;
				CLANG_WARN_OBJC_LITERAL_CONVERSION = YES;
				CLANG_WARN_OBJC_ROOT_CLASS = YES_ERROR;
				CLANG_WARN_QUOTED_INCLUDE_IN_FRAMEWORK_HEADER = YES;
				CLANG_WARN_RANGE_LOOP_ANALYSIS = YES;
				CLANG_WARN_STRICT_PROTOTYPES = YES;
				CLANG_WARN_SUSPICIOUS_MOVE = YES;
				CLANG_WARN_UNGUARDED_AVAILABILITY = YES_AGGRESSIVE;
				CLANG_WARN_UNREACHABLE_CODE = YES;
				CLANG_WARN__DUPLICATE_METHOD_MATCH = YES;
				COPY_PHASE_STRIP = NO;
				DEBUG_INFORMATION_FORMAT = dwarf;
				ENABLE_STRICT_OBJC_MSGSEND = YES;
				ENABLE_TESTABILITY = YES;
				ENABLE_USER_SCRIPT_SANDBOXING = YES;
				GCC_C_LANGUAGE_STANDARD = gnu17;
				GCC_DYNAMIC_NO_PIC = NO;
				GCC_NO_COMMON_BLOCKS = YES;
				GCC_OPTIMIZATION_LEVEL = 0;
				GCC_PREPROCESSOR_DEFINITIONS = (
					"DEBUG=1",
					"$(inherited)",
				);
				GCC_WARN_64_TO_32_BIT_CONVERSION = YES;
				GCC_WARN_ABOUT_RETURN_TYPE = YES_ERROR;
				GCC_WARN_UNDECLARED_SELECTOR = YES;
				GCC_WARN_UNINITIALIZED_AUTOS = YES_AGGRESSIVE;
				GCC_WARN_UNUSED_FUNCTION = YES;
				GCC_WARN_UNUSED_VARIABLE = YES;
				IPHONEOS_DEPLOYMENT_TARGET = 18.1;
				LOCALIZATION_PREFERS_STRING_CATALOGS = YES;
				MTL_ENABLE_DEBUG_INFO = INCLUDE_SOURCE;
				MTL_FAST_MATH = YES;
				ONLY_ACTIVE_ARCH = YES;
				SDKROOT = iphoneos;
				SWIFT_ACTIVE_COMPILATION_CONDITIONS = "DEBUG $(inherited)";
				SWIFT_OPTIMIZATION_LEVEL = "-Onone";
			};
			name = Debug;
		};
		6F1C94322CED4FE60067870A /* Release */ = {
			isa = XCBuildConfiguration;
			buildSettings = {
				ALWAYS_SEARCH_USER_PATHS = NO;
				ASSETCATALOG_COMPILER_GENERATE_SWIFT_ASSET_SYMBOL_EXTENSIONS = YES;
				CLANG_ANALYZER_NONNULL = YES;
				CLANG_ANALYZER_NUMBER_OBJECT_CONVERSION = YES_AGGRESSIVE;
				CLANG_CXX_LANGUAGE_STANDARD = "gnu++20";
				CLANG_ENABLE_MODULES = YES;
				CLANG_ENABLE_OBJC_ARC = YES;
				CLANG_ENABLE_OBJC_WEAK = YES;
				CLANG_WARN_BLOCK_CAPTURE_AUTORELEASING = YES;
				CLANG_WARN_BOOL_CONVERSION = YES;
				CLANG_WARN_COMMA = YES;
				CLANG_WARN_CONSTANT_CONVERSION = YES;
				CLANG_WARN_DEPRECATED_OBJC_IMPLEMENTATIONS = YES;
				CLANG_WARN_DIRECT_OBJC_ISA_USAGE = YES_ERROR;
				CLANG_WARN_DOCUMENTATION_COMMENTS = YES;
				CLANG_WARN_EMPTY_BODY = YES;
				CLANG_WARN_ENUM_CONVERSION = YES;
				CLANG_WARN_INFINITE_RECURSION = YES;
				CLANG_WARN_INT_CONVERSION = YES;
				CLANG_WARN_NON_LITERAL_NULL_CONVERSION = YES;
				CLANG_WARN_OBJC_IMPLICIT_RETAIN_SELF = YES;
				CLANG_WARN_OBJC_LITERAL_CONVERSION = YES;
				CLANG_WARN_OBJC_ROOT_CLASS = YES_ERROR;
				CLANG_WARN_QUOTED_INCLUDE_IN_FRAMEWORK_HEADER = YES;
				CLANG_WARN_RANGE_LOOP_ANALYSIS = YES;
				CLANG_WARN_STRICT_PROTOTYPES = YES;
				CLANG_WARN_SUSPICIOUS_MOVE = YES;
				CLANG_WARN_UNGUARDED_AVAILABILITY = YES_AGGRESSIVE;
				CLANG_WARN_UNREACHABLE_CODE = YES;
				CLANG_WARN__DUPLICATE_METHOD_MATCH = YES;
				COPY_PHASE_STRIP = NO;
				DEBUG_INFORMATION_FORMAT = "dwarf-with-dsym";
				ENABLE_NS_ASSERTIONS = NO;
				ENABLE_STRICT_OBJC_MSGSEND = YES;
				ENABLE_USER_SCRIPT_SANDBOXING = YES;
				GCC_C_LANGUAGE_STANDARD = gnu17;
				GCC_NO_COMMON_BLOCKS = YES;
				GCC_WARN_64_TO_32_BIT_CONVERSION = YES;
				GCC_WARN_ABOUT_RETURN_TYPE = YES_ERROR;
				GCC_WARN_UNDECLARED_SELECTOR = YES;
				GCC_WARN_UNINITIALIZED_AUTOS = YES_AGGRESSIVE;
				GCC_WARN_UNUSED_FUNCTION = YES;
				GCC_WARN_UNUSED_VARIABLE = YES;
				IPHONEOS_DEPLOYMENT_TARGET = 18.1;
				LOCALIZATION_PREFERS_STRING_CATALOGS = YES;
				MTL_ENABLE_DEBUG_INFO = NO;
				MTL_FAST_MATH = YES;
				SDKROOT = iphoneos;
				SWIFT_COMPILATION_MODE = wholemodule;
				VALIDATE_PRODUCT = YES;
			};
			name = Release;
		};
		6F1C94342CED4FE60067870A /* Debug */ = {
			isa = XCBuildConfiguration;
			buildSettings = {
				ASSETCATALOG_COMPILER_APPICON_NAME = AppIcon;
				ASSETCATALOG_COMPILER_GLOBAL_ACCENT_COLOR_NAME = AccentColor;
				CODE_SIGN_STYLE = Automatic;
				CURRENT_PROJECT_VERSION = 1;
				DEVELOPMENT_ASSET_PATHS = "\"AssignmentSwiftUI/Preview Content\"";
				ENABLE_PREVIEWS = YES;
				GENERATE_INFOPLIST_FILE = YES;
				INFOPLIST_KEY_UIApplicationSceneManifest_Generation = YES;
				INFOPLIST_KEY_UIApplicationSupportsIndirectInputEvents = YES;
				INFOPLIST_KEY_UILaunchScreen_Generation = YES;
				INFOPLIST_KEY_UISupportedInterfaceOrientations_iPad = "UIInterfaceOrientationPortrait UIInterfaceOrientationPortraitUpsideDown UIInterfaceOrientationLandscapeLeft UIInterfaceOrientationLandscapeRight";
				INFOPLIST_KEY_UISupportedInterfaceOrientations_iPhone = "UIInterfaceOrientationPortrait UIInterfaceOrientationLandscapeLeft UIInterfaceOrientationLandscapeRight";
				LD_RUNPATH_SEARCH_PATHS = (
					"$(inherited)",
					"@executable_path/Frameworks",
				);
				MARKETING_VERSION = 1.0;
				PRODUCT_BUNDLE_IDENTIFIER = com.AssignmentSwiftUI;
				PRODUCT_NAME = "$(TARGET_NAME)";
				SWIFT_EMIT_LOC_STRINGS = YES;
				SWIFT_VERSION = 5.0;
				TARGETED_DEVICE_FAMILY = "1,2";
			};
			name = Debug;
		};
		6F1C94352CED4FE60067870A /* Release */ = {
			isa = XCBuildConfiguration;
			buildSettings = {
				ASSETCATALOG_COMPILER_APPICON_NAME = AppIcon;
				ASSETCATALOG_COMPILER_GLOBAL_ACCENT_COLOR_NAME = AccentColor;
				CODE_SIGN_STYLE = Automatic;
				CURRENT_PROJECT_VERSION = 1;
				DEVELOPMENT_ASSET_PATHS = "\"AssignmentSwiftUI/Preview Content\"";
				ENABLE_PREVIEWS = YES;
				GENERATE_INFOPLIST_FILE = YES;
				INFOPLIST_KEY_UIApplicationSceneManifest_Generation = YES;
				INFOPLIST_KEY_UIApplicationSupportsIndirectInputEvents = YES;
				INFOPLIST_KEY_UILaunchScreen_Generation = YES;
				INFOPLIST_KEY_UISupportedInterfaceOrientations_iPad = "UIInterfaceOrientationPortrait UIInterfaceOrientationPortraitUpsideDown UIInterfaceOrientationLandscapeLeft UIInterfaceOrientationLandscapeRight";
				INFOPLIST_KEY_UISupportedInterfaceOrientations_iPhone = "UIInterfaceOrientationPortrait UIInterfaceOrientationLandscapeLeft UIInterfaceOrientationLandscapeRight";
				LD_RUNPATH_SEARCH_PATHS = (
					"$(inherited)",
					"@executable_path/Frameworks",
				);
				MARKETING_VERSION = 1.0;
				PRODUCT_BUNDLE_IDENTIFIER = com.AssignmentSwiftUI;
				PRODUCT_NAME = "$(TARGET_NAME)";
				SWIFT_EMIT_LOC_STRINGS = YES;
				SWIFT_VERSION = 5.0;
				TARGETED_DEVICE_FAMILY = "1,2";
			};
			name = Release;
		};
		6F1C94372CED4FE60067870A /* Debug */ = {
			isa = XCBuildConfiguration;
			buildSettings = {
				BUNDLE_LOADER = "$(TEST_HOST)";
				CODE_SIGN_STYLE = Automatic;
				CURRENT_PROJECT_VERSION = 1;
				GENERATE_INFOPLIST_FILE = YES;
				IPHONEOS_DEPLOYMENT_TARGET = 18.1;
				MARKETING_VERSION = 1.0;
				PRODUCT_BUNDLE_IDENTIFIER = com.AssignmentSwiftUITests;
				PRODUCT_NAME = "$(TARGET_NAME)";
				SWIFT_EMIT_LOC_STRINGS = NO;
				SWIFT_VERSION = 5.0;
				TARGETED_DEVICE_FAMILY = "1,2";
				TEST_HOST = "$(BUILT_PRODUCTS_DIR)/AssignmentSwiftUI.app/$(BUNDLE_EXECUTABLE_FOLDER_PATH)/AssignmentSwiftUI";
			};
			name = Debug;
		};
		6F1C94382CED4FE60067870A /* Release */ = {
			isa = XCBuildConfiguration;
			buildSettings = {
				BUNDLE_LOADER = "$(TEST_HOST)";
				CODE_SIGN_STYLE = Automatic;
				CURRENT_PROJECT_VERSION = 1;
				GENERATE_INFOPLIST_FILE = YES;
				IPHONEOS_DEPLOYMENT_TARGET = 18.1;
				MARKETING_VERSION = 1.0;
				PRODUCT_BUNDLE_IDENTIFIER = com.AssignmentSwiftUITests;
				PRODUCT_NAME = "$(TARGET_NAME)";
				SWIFT_EMIT_LOC_STRINGS = NO;
				SWIFT_VERSION = 5.0;
				TARGETED_DEVICE_FAMILY = "1,2";
				TEST_HOST = "$(BUILT_PRODUCTS_DIR)/AssignmentSwiftUI.app/$(BUNDLE_EXECUTABLE_FOLDER_PATH)/AssignmentSwiftUI";
			};
			name = Release;
		};
		6F1C943A2CED4FE60067870A /* Debug */ = {
			isa = XCBuildConfiguration;
			buildSettings = {
				CODE_SIGN_STYLE = Automatic;
				CURRENT_PROJECT_VERSION = 1;
				GENERATE_INFOPLIST_FILE = YES;
				MARKETING_VERSION = 1.0;
				PRODUCT_BUNDLE_IDENTIFIER = com.AssignmentSwiftUIUITests;
				PRODUCT_NAME = "$(TARGET_NAME)";
				SWIFT_EMIT_LOC_STRINGS = NO;
				SWIFT_VERSION = 5.0;
				TARGETED_DEVICE_FAMILY = "1,2";
				TEST_TARGET_NAME = AssignmentSwiftUI;
			};
			name = Debug;
		};
		6F1C943B2CED4FE60067870A /* Release */ = {
			isa = XCBuildConfiguration;
			buildSettings = {
				CODE_SIGN_STYLE = Automatic;
				CURRENT_PROJECT_VERSION = 1;
				GENERATE_INFOPLIST_FILE = YES;
				MARKETING_VERSION = 1.0;
				PRODUCT_BUNDLE_IDENTIFIER = com.AssignmentSwiftUIUITests;
				PRODUCT_NAME = "$(TARGET_NAME)";
				SWIFT_EMIT_LOC_STRINGS = NO;
				SWIFT_VERSION = 5.0;
				TARGETED_DEVICE_FAMILY = "1,2";
				TEST_TARGET_NAME = AssignmentSwiftUI;
			};
			name = Release;
		};
/* End XCBuildConfiguration section */

/* Begin XCConfigurationList section */
		6F1C940A2CED4FE20067870A /* Build configuration list for PBXProject "AssignmentSwiftUI" */ = {
			isa = XCConfigurationList;
			buildConfigurations = (
				6F1C94312CED4FE60067870A /* Debug */,
				6F1C94322CED4FE60067870A /* Release */,
			);
			defaultConfigurationIsVisible = 0;
			defaultConfigurationName = Release;
		};
		6F1C94332CED4FE60067870A /* Build configuration list for PBXNativeTarget "AssignmentSwiftUI" */ = {
			isa = XCConfigurationList;
			buildConfigurations = (
				6F1C94342CED4FE60067870A /* Debug */,
				6F1C94352CED4FE60067870A /* Release */,
			);
			defaultConfigurationIsVisible = 0;
			defaultConfigurationName = Release;
		};
		6F1C94362CED4FE60067870A /* Build configuration list for PBXNativeTarget "AssignmentSwiftUITests" */ = {
			isa = XCConfigurationList;
			buildConfigurations = (
				6F1C94372CED4FE60067870A /* Debug */,
				6F1C94382CED4FE60067870A /* Release */,
			);
			defaultConfigurationIsVisible = 0;
			defaultConfigurationName = Release;
		};
		6F1C94392CED4FE60067870A /* Build configuration list for PBXNativeTarget "AssignmentSwiftUIUITests" */ = {
			isa = XCConfigurationList;
			buildConfigurations = (
				6F1C943A2CED4FE60067870A /* Debug */,
				6F1C943B2CED4FE60067870A /* Release */,
			);
			defaultConfigurationIsVisible = 0;
			defaultConfigurationName = Release;
		};
/* End XCConfigurationList section */
	};
	rootObject = 6F1C94072CED4FE20067870A /* Project object */;
}
